
Microsoft Visual Studio Solution File, Format Version 12.00
# Visual Studio 15
VisualStudioVersion = 15.0.28307.1340
MinimumVisualStudioVersion = 10.0.40219.1
Project("{FAE04EC0-301F-11D3-BF4B-00C04F79EFBC}") = "issAppManager", "issAppManager\issAppManager.csproj", "{8755FD42-1446-43AC-B969-0A34E1D6D088}"
EndProject
Project("{FAE04EC0-301F-11D3-BF4B-00C04F79EFBC}") = "issCommon", "issCommon\issCommon.csproj", "{9E5CE9AC-6485-43AE-B4CE-BAF59160B804}"
EndProject
Project("{FAE04EC0-301F-11D3-BF4B-00C04F79EFBC}") = "issModels", "issModels\issModels.csproj", "{2ED2DD46-2F11-4341-998D-83B1F9F1DB5E}"
EndProject
Project("{FAE04EC0-301F-11D3-BF4B-00C04F79EFBC}") = "issRepo", "issRepo\issRepo.csproj", "{D5234C7C-8618-4E27-BB80-9DA1F3FB663F}"
EndProject
Project("{FAE04EC0-301F-11D3-BF4B-00C04F79EFBC}") = "issEcomAPI", "issEcomAPI\issEcomAPI.csproj", "{5165D8FD-7E14-4F83-98DB-0D92DB569BBA}"
EndProject
Global
	GlobalSection(SolutionConfigurationPlatforms) = preSolution
		Debug|Any CPU = Debug|Any CPU
		Release|Any CPU = Release|Any CPU
	EndGlobalSection
	GlobalSection(ProjectConfigurationPlatforms) = postSolution
		{8755FD42-1446-43AC-B969-0A34E1D6D088}.Debug|Any CPU.ActiveCfg = Debug|Any CPU
		{8755FD42-1446-43AC-B969-0A34E1D6D088}.Debug|Any CPU.Build.0 = Debug|Any CPU
		{8755FD42-1446-43AC-B969-0A34E1D6D088}.Release|Any CPU.ActiveCfg = Release|Any CPU
		{8755FD42-1446-43AC-B969-0A34E1D6D088}.Release|Any CPU.Build.0 = Release|Any CPU
		{9E5CE9AC-6485-43AE-B4CE-BAF59160B804}.Debug|Any CPU.ActiveCfg = Debug|Any CPU
		{9E5CE9AC-6485-43AE-B4CE-BAF59160B804}.Debug|Any CPU.Build.0 = Debug|Any CPU
		{9E5CE9AC-6485-43AE-B4CE-BAF59160B804}.Release|Any CPU.ActiveCfg = Release|Any CPU
		{9E5CE9AC-6485-43AE-B4CE-BAF59160B804}.Release|Any CPU.Build.0 = Release|Any CPU
		{2ED2DD46-2F11-4341-998D-83B1F9F1DB5E}.Debug|Any CPU.ActiveCfg = Debug|Any CPU
		{2ED2DD46-2F11-4341-998D-83B1F9F1DB5E}.Debug|Any CPU.Build.0 = Debug|Any CPU
		{2ED2DD46-2F11-4341-998D-83B1F9F1DB5E}.Release|Any CPU.ActiveCfg = Release|Any CPU
		{2ED2DD46-2F11-4341-998D-83B1F9F1DB5E}.Release|Any CPU.Build.0 = Release|Any CPU
		{D5234C7C-8618-4E27-BB80-9DA1F3FB663F}.Debug|Any CPU.ActiveCfg = Debug|Any CPU
		{D5234C7C-8618-4E27-BB80-9DA1F3FB663F}.Debug|Any CPU.Build.0 = Debug|Any CPU
		{D5234C7C-8618-4E27-BB80-9DA1F3FB663F}.Release|Any CPU.ActiveCfg = Release|Any CPU
		{D5234C7C-8618-4E27-BB80-9DA1F3FB663F}.Release|Any CPU.Build.0 = Release|Any CPU
		{5165D8FD-7E14-4F83-98DB-0D92DB569BBA}.Debug|Any CPU.ActiveCfg = Debug|Any CPU
		{5165D8FD-7E14-4F83-98DB-0D92DB569BBA}.Debug|Any CPU.Build.0 = Debug|Any CPU
		{5165D8FD-7E14-4F83-98DB-0D92DB569BBA}.Release|Any CPU.ActiveCfg = Release|Any CPU
		{5165D8FD-7E14-4F83-98DB-0D92DB569BBA}.Release|Any CPU.Build.0 = Release|Any CPU
	EndGlobalSection
	GlobalSection(SolutionProperties) = preSolution
		HideSolutionNode = FALSE
	EndGlobalSection
	GlobalSection(ExtensibilityGlobals) = postSolution
		SolutionGuid = {4A5B8C79-3F8B-4AF8-979F-C5C41155CD87}
	EndGlobalSection
EndGlobal
